# Lockfile v4
# This file is automatically generated by Wapm.
# It is not intended for manual editing. The schema of this file may change.
[modules."enricopdg/tutorial-1"."0.1.0".tutorial-1]
name = "tutorial-1"
package_version = "0.1.0"
package_name = "enricopdg/tutorial-1"
package_path = "enricopdg/tutorial-1@0.1.0"
resolved = "https://registry-cdn.wapm.io/packages/enricopdg/tutorial-1/tutorial-1-0.1.0-e7b8cba6-46de-46c6-8c89-a58200b84f86.tar.gz"
resolved_source = "registry+tutorial-1"
abi = "none"
source = "tutorial_1.wasm"

[commands]
